
Microsoft Visual Studio Solution File, Format Version 12.00
# Visual Studio Version 18
VisualStudioVersion = 18.0.11201.2 d18.0
MinimumVisualStudioVersion = 10.0.40219.1
Project("{FAE04EC0-301F-11D3-BF4B-00C04F79EFBC}") = "ConUni_Soap_DotNet_GR01", "ConUni_Soap_DotNet_GR01.csproj", "{4C09D9DE-1163-4EAC-AC34-1E2F04200194}"
EndProject
Global
	GlobalSection(SolutionConfigurationPlatforms) = preSolution
		Debug|Any CPU = Debug|Any CPU
		Release|Any CPU = Release|Any CPU
	EndGlobalSection
	GlobalSection(ProjectConfigurationPlatforms) = postSolution
		{4C09D9DE-1163-4EAC-AC34-1E2F04200194}.Debug|Any CPU.ActiveCfg = Debug|Any CPU
		{4C09D9DE-1163-4EAC-AC34-1E2F04200194}.Debug|Any CPU.Build.0 = Debug|Any CPU
		{4C09D9DE-1163-4EAC-AC34-1E2F04200194}.Release|Any CPU.ActiveCfg = Release|Any CPU
		{4C09D9DE-1163-4EAC-AC34-1E2F04200194}.Release|Any CPU.Build.0 = Release|Any CPU
	EndGlobalSection
	GlobalSection(SolutionProperties) = preSolution
		HideSolutionNode = FALSE
	EndGlobalSection
	GlobalSection(ExtensibilityGlobals) = postSolution
		SolutionGuid = {BA6599AB-3795-4CCF-B0F2-47BC0BBE912F}
	EndGlobalSection
EndGlobal
